
Microsoft Visual Studio Solution File, Format Version 12.00
# Visual Studio 15
VisualStudioVersion = 15.0.27428.2037
MinimumVisualStudioVersion = 10.0.40219.1
Project("{FAE04EC0-301F-11D3-BF4B-00C04F79EFBC}") = "DownToledoAPP.Android", "DownToledoAPP\DownToledoAPP.Android\DownToledoAPP.Android.csproj", "{EB61CFED-6C38-4A2F-9D0A-435FD1467C74}"
EndProject
Project("{FAE04EC0-301F-11D3-BF4B-00C04F79EFBC}") = "DownToledoAPP.iOS", "DownToledoAPP\DownToledoAPP.iOS\DownToledoAPP.iOS.csproj", "{B867A327-A128-4CDA-BF72-7D70E076AD81}"
EndProject
Project("{FAE04EC0-301F-11D3-BF4B-00C04F79EFBC}") = "DownToledoAPP.UWP", "DownToledoAPP\DownToledoAPP.UWP\DownToledoAPP.UWP.csproj", "{82B04D48-4B7D-45D6-8497-2CBDECE419D0}"
EndProject
Project("{9A19103F-16F7-4668-BE54-9A1E7A4F7556}") = "DownToledoAPP", "DownToledoAPP\DownToledoAPP\DownToledoAPP.csproj", "{CE188E0B-6E2A-492A-BFA8-E9136C5F5914}"
EndProject
Global
	GlobalSection(SolutionConfigurationPlatforms) = preSolution
		Ad-Hoc|Any CPU = Ad-Hoc|Any CPU
		Ad-Hoc|ARM = Ad-Hoc|ARM
		Ad-Hoc|iPhone = Ad-Hoc|iPhone
		Ad-Hoc|iPhoneSimulator = Ad-Hoc|iPhoneSimulator
		Ad-Hoc|x64 = Ad-Hoc|x64
		Ad-Hoc|x86 = Ad-Hoc|x86
		AppStore|Any CPU = AppStore|Any CPU
		AppStore|ARM = AppStore|ARM
		AppStore|iPhone = AppStore|iPhone
		AppStore|iPhoneSimulator = AppStore|iPhoneSimulator
		AppStore|x64 = AppStore|x64
		AppStore|x86 = AppStore|x86
		Debug|Any CPU = Debug|Any CPU
		Debug|ARM = Debug|ARM
		Debug|iPhone = Debug|iPhone
		Debug|iPhoneSimulator = Debug|iPhoneSimulator
		Debug|x64 = Debug|x64
		Debug|x86 = Debug|x86
		Release|Any CPU = Release|Any CPU
		Release|ARM = Release|ARM
		Release|iPhone = Release|iPhone
		Release|iPhoneSimulator = Release|iPhoneSimulator
		Release|x64 = Release|x64
		Release|x86 = Release|x86
	EndGlobalSection
	GlobalSection(ProjectConfigurationPlatforms) = postSolution
		{EB61CFED-6C38-4A2F-9D0A-435FD1467C74}.Ad-Hoc|Any CPU.ActiveCfg = Release|Any CPU
		{EB61CFED-6C38-4A2F-9D0A-435FD1467C74}.Ad-Hoc|Any CPU.Build.0 = Release|Any CPU
		{EB61CFED-6C38-4A2F-9D0A-435FD1467C74}.Ad-Hoc|Any CPU.Deploy.0 = Release|Any CPU
		{EB61CFED-6C38-4A2F-9D0A-435FD1467C74}.Ad-Hoc|ARM.ActiveCfg = Release|Any CPU
		{EB61CFED-6C38-4A2F-9D0A-435FD1467C74}.Ad-Hoc|ARM.Build.0 = Release|Any CPU
		{EB61CFED-6C38-4A2F-9D0A-435FD1467C74}.Ad-Hoc|ARM.Deploy.0 = Release|Any CPU
		{EB61CFED-6C38-4A2F-9D0A-435FD1467C74}.Ad-Hoc|iPhone.ActiveCfg = Release|Any CPU
		{EB61CFED-6C38-4A2F-9D0A-435FD1467C74}.Ad-Hoc|iPhone.Build.0 = Release|Any CPU
		{EB61CFED-6C38-4A2F-9D0A-435FD1467C74}.Ad-Hoc|iPhone.Deploy.0 = Release|Any CPU
		{EB61CFED-6C38-4A2F-9D0A-435FD1467C74}.Ad-Hoc|iPhoneSimulator.ActiveCfg = Release|Any CPU
		{EB61CFED-6C38-4A2F-9D0A-435FD1467C74}.Ad-Hoc|iPhoneSimulator.Build.0 = Release|Any CPU
		{EB61CFED-6C38-4A2F-9D0A-435FD1467C74}.Ad-Hoc|iPhoneSimulator.Deploy.0 = Release|Any CPU
		{EB61CFED-6C38-4A2F-9D0A-435FD1467C74}.Ad-Hoc|x64.ActiveCfg = Release|Any CPU
		{EB61CFED-6C38-4A2F-9D0A-435FD1467C74}.Ad-Hoc|x64.Build.0 = Release|Any CPU
		{EB61CFED-6C38-4A2F-9D0A-435FD1467C74}.Ad-Hoc|x64.Deploy.0 = Release|Any CPU
		{EB61CFED-6C38-4A2F-9D0A-435FD1467C74}.Ad-Hoc|x86.ActiveCfg = Release|Any CPU
		{EB61CFED-6C38-4A2F-9D0A-435FD1467C74}.Ad-Hoc|x86.Build.0 = Release|Any CPU
		{EB61CFED-6C38-4A2F-9D0A-435FD1467C74}.Ad-Hoc|x86.Deploy.0 = Release|Any CPU
		{EB61CFED-6C38-4A2F-9D0A-435FD1467C74}.AppStore|Any CPU.ActiveCfg = Release|Any CPU
		{EB61CFED-6C38-4A2F-9D0A-435FD1467C74}.AppStore|Any CPU.Build.0 = Release|Any CPU
		{EB61CFED-6C38-4A2F-9D0A-435FD1467C74}.AppStore|Any CPU.Deploy.0 = Release|Any CPU
		{EB61CFED-6C38-4A2F-9D0A-435FD1467C74}.AppStore|ARM.ActiveCfg = Release|Any CPU
		{EB61CFED-6C38-4A2F-9D0A-435FD1467C74}.AppStore|ARM.Build.0 = Release|Any CPU
		{EB61CFED-6C38-4A2F-9D0A-435FD1467C74}.AppStore|ARM.Deploy.0 = Release|Any CPU
		{EB61CFED-6C38-4A2F-9D0A-435FD1467C74}.AppStore|iPhone.ActiveCfg = Release|Any CPU
		{EB61CFED-6C38-4A2F-9D0A-435FD1467C74}.AppStore|iPhone.Build.0 = Release|Any CPU
		{EB61CFED-6C38-4A2F-9D0A-435FD1467C74}.AppStore|iPhone.Deploy.0 = Release|Any CPU
		{EB61CFED-6C38-4A2F-9D0A-435FD1467C74}.AppStore|iPhoneSimulator.ActiveCfg = Release|Any CPU
		{EB61CFED-6C38-4A2F-9D0A-435FD1467C74}.AppStore|iPhoneSimulator.Build.0 = Release|Any CPU
		{EB61CFED-6C38-4A2F-9D0A-435FD1467C74}.AppStore|iPhoneSimulator.Deploy.0 = Release|Any CPU
		{EB61CFED-6C38-4A2F-9D0A-435FD1467C74}.AppStore|x64.ActiveCfg = Release|Any CPU
		{EB61CFED-6C38-4A2F-9D0A-435FD1467C74}.AppStore|x64.Build.0 = Release|Any CPU
		{EB61CFED-6C38-4A2F-9D0A-435FD1467C74}.AppStore|x64.Deploy.0 = Release|Any CPU
		{EB61CFED-6C38-4A2F-9D0A-435FD1467C74}.AppStore|x86.ActiveCfg = Release|Any CPU
		{EB61CFED-6C38-4A2F-9D0A-435FD1467C74}.AppStore|x86.Build.0 = Release|Any CPU
		{EB61CFED-6C38-4A2F-9D0A-435FD1467C74}.AppStore|x86.Deploy.0 = Release|Any CPU
		{EB61CFED-6C38-4A2F-9D0A-435FD1467C74}.Debug|Any CPU.ActiveCfg = Debug|Any CPU
		{EB61CFED-6C38-4A2F-9D0A-435FD1467C74}.Debug|Any CPU.Build.0 = Debug|Any CPU
		{EB61CFED-6C38-4A2F-9D0A-435FD1467C74}.Debug|Any CPU.Deploy.0 = Debug|Any CPU
		{EB61CFED-6C38-4A2F-9D0A-435FD1467C74}.Debug|ARM.ActiveCfg = Debug|Any CPU
		{EB61CFED-6C38-4A2F-9D0A-435FD1467C74}.Debug|ARM.Build.0 = Debug|Any CPU
		{EB61CFED-6C38-4A2F-9D0A-435FD1467C74}.Debug|ARM.Deploy.0 = Debug|Any CPU
		{EB61CFED-6C38-4A2F-9D0A-435FD1467C74}.Debug|iPhone.ActiveCfg = Debug|Any CPU
		{EB61CFED-6C38-4A2F-9D0A-435FD1467C74}.Debug|iPhone.Build.0 = Debug|Any CPU
		{EB61CFED-6C38-4A2F-9D0A-435FD1467C74}.Debug|iPhone.Deploy.0 = Debug|Any CPU
		{EB61CFED-6C38-4A2F-9D0A-435FD1467C74}.Debug|iPhoneSimulator.ActiveCfg = Debug|Any CPU
		{EB61CFED-6C38-4A2F-9D0A-435FD1467C74}.Debug|iPhoneSimulator.Build.0 = Debug|Any CPU
		{EB61CFED-6C38-4A2F-9D0A-435FD1467C74}.Debug|iPhoneSimulator.Deploy.0 = Debug|Any CPU
		{EB61CFED-6C38-4A2F-9D0A-435FD1467C74}.Debug|x64.ActiveCfg = Debug|Any CPU
		{EB61CFED-6C38-4A2F-9D0A-435FD1467C74}.Debug|x64.Build.0 = Debug|Any CPU
		{EB61CFED-6C38-4A2F-9D0A-435FD1467C74}.Debug|x64.Deploy.0 = Debug|Any CPU
		{EB61CFED-6C38-4A2F-9D0A-435FD1467C74}.Debug|x86.ActiveCfg = Debug|Any CPU
		{EB61CFED-6C38-4A2F-9D0A-435FD1467C74}.Debug|x86.Build.0 = Debug|Any CPU
		{EB61CFED-6C38-4A2F-9D0A-435FD1467C74}.Debug|x86.Deploy.0 = Debug|Any CPU
		{EB61CFED-6C38-4A2F-9D0A-435FD1467C74}.Release|Any CPU.ActiveCfg = Release|Any CPU
		{EB61CFED-6C38-4A2F-9D0A-435FD1467C74}.Release|Any CPU.Build.0 = Release|Any CPU
		{EB61CFED-6C38-4A2F-9D0A-435FD1467C74}.Release|Any CPU.Deploy.0 = Release|Any CPU
		{EB61CFED-6C38-4A2F-9D0A-435FD1467C74}.Release|ARM.ActiveCfg = Release|Any CPU
		{EB61CFED-6C38-4A2F-9D0A-435FD1467C74}.Release|ARM.Build.0 = Release|Any CPU
		{EB61CFED-6C38-4A2F-9D0A-435FD1467C74}.Release|ARM.Deploy.0 = Release|Any CPU
		{EB61CFED-6C38-4A2F-9D0A-435FD1467C74}.Release|iPhone.ActiveCfg = Release|Any CPU
		{EB61CFED-6C38-4A2F-9D0A-435FD1467C74}.Release|iPhone.Build.0 = Release|Any CPU
		{EB61CFED-6C38-4A2F-9D0A-435FD1467C74}.Release|iPhone.Deploy.0 = Release|Any CPU
		{EB61CFED-6C38-4A2F-9D0A-435FD1467C74}.Release|iPhoneSimulator.ActiveCfg = Release|Any CPU
		{EB61CFED-6C38-4A2F-9D0A-435FD1467C74}.Release|iPhoneSimulator.Build.0 = Release|Any CPU
		{EB61CFED-6C38-4A2F-9D0A-435FD1467C74}.Release|iPhoneSimulator.Deploy.0 = Release|Any CPU
		{EB61CFED-6C38-4A2F-9D0A-435FD1467C74}.Release|x64.ActiveCfg = Release|Any CPU
		{EB61CFED-6C38-4A2F-9D0A-435FD1467C74}.Release|x64.Build.0 = Release|Any CPU
		{EB61CFED-6C38-4A2F-9D0A-435FD1467C74}.Release|x64.Deploy.0 = Release|Any CPU
		{EB61CFED-6C38-4A2F-9D0A-435FD1467C74}.Release|x86.ActiveCfg = Release|Any CPU
		{EB61CFED-6C38-4A2F-9D0A-435FD1467C74}.Release|x86.Build.0 = Release|Any CPU
		{EB61CFED-6C38-4A2F-9D0A-435FD1467C74}.Release|x86.Deploy.0 = Release|Any CPU
		{B867A327-A128-4CDA-BF72-7D70E076AD81}.Ad-Hoc|Any CPU.ActiveCfg = Ad-Hoc|iPhone
		{B867A327-A128-4CDA-BF72-7D70E076AD81}.Ad-Hoc|ARM.ActiveCfg = Ad-Hoc|iPhone
		{B867A327-A128-4CDA-BF72-7D70E076AD81}.Ad-Hoc|iPhone.ActiveCfg = Ad-Hoc|iPhone
		{B867A327-A128-4CDA-BF72-7D70E076AD81}.Ad-Hoc|iPhone.Build.0 = Ad-Hoc|iPhone
		{B867A327-A128-4CDA-BF72-7D70E076AD81}.Ad-Hoc|iPhoneSimulator.ActiveCfg = Ad-Hoc|iPhoneSimulator
		{B867A327-A128-4CDA-BF72-7D70E076AD81}.Ad-Hoc|iPhoneSimulator.Build.0 = Ad-Hoc|iPhoneSimulator
		{B867A327-A128-4CDA-BF72-7D70E076AD81}.Ad-Hoc|x64.ActiveCfg = Ad-Hoc|iPhone
		{B867A327-A128-4CDA-BF72-7D70E076AD81}.Ad-Hoc|x86.ActiveCfg = Ad-Hoc|iPhone
		{B867A327-A128-4CDA-BF72-7D70E076AD81}.AppStore|Any CPU.ActiveCfg = AppStore|iPhone
		{B867A327-A128-4CDA-BF72-7D70E076AD81}.AppStore|ARM.ActiveCfg = AppStore|iPhone
		{B867A327-A128-4CDA-BF72-7D70E076AD81}.AppStore|iPhone.ActiveCfg = AppStore|iPhone
		{B867A327-A128-4CDA-BF72-7D70E076AD81}.AppStore|iPhone.Build.0 = AppStore|iPhone
		{B867A327-A128-4CDA-BF72-7D70E076AD81}.AppStore|iPhoneSimulator.ActiveCfg = AppStore|iPhoneSimulator
		{B867A327-A128-4CDA-BF72-7D70E076AD81}.AppStore|iPhoneSimulator.Build.0 = AppStore|iPhoneSimulator
		{B867A327-A128-4CDA-BF72-7D70E076AD81}.AppStore|x64.ActiveCfg = AppStore|iPhone
		{B867A327-A128-4CDA-BF72-7D70E076AD81}.AppStore|x86.ActiveCfg = AppStore|iPhone
		{B867A327-A128-4CDA-BF72-7D70E076AD81}.Debug|Any CPU.ActiveCfg = Debug|iPhone
		{B867A327-A128-4CDA-BF72-7D70E076AD81}.Debug|ARM.ActiveCfg = Debug|iPhone
		{B867A327-A128-4CDA-BF72-7D70E076AD81}.Debug|iPhone.ActiveCfg = Debug|iPhone
		{B867A327-A128-4CDA-BF72-7D70E076AD81}.Debug|iPhone.Build.0 = Debug|iPhone
		{B867A327-A128-4CDA-BF72-7D70E076AD81}.Debug|iPhoneSimulator.ActiveCfg = Debug|iPhoneSimulator
		{B867A327-A128-4CDA-BF72-7D70E076AD81}.Debug|iPhoneSimulator.Build.0 = Debug|iPhoneSimulator
		{B867A327-A128-4CDA-BF72-7D70E076AD81}.Debug|x64.ActiveCfg = Debug|iPhone
		{B867A327-A128-4CDA-BF72-7D70E076AD81}.Debug|x86.ActiveCfg = Debug|iPhone
		{B867A327-A128-4CDA-BF72-7D70E076AD81}.Release|Any CPU.ActiveCfg = Release|iPhone
		{B867A327-A128-4CDA-BF72-7D70E076AD81}.Release|ARM.ActiveCfg = Release|iPhone
		{B867A327-A128-4CDA-BF72-7D70E076AD81}.Release|iPhone.ActiveCfg = Release|iPhone
		{B867A327-A128-4CDA-BF72-7D70E076AD81}.Release|iPhone.Build.0 = Release|iPhone
		{B867A327-A128-4CDA-BF72-7D70E076AD81}.Release|iPhoneSimulator.ActiveCfg = Release|iPhoneSimulator
		{B867A327-A128-4CDA-BF72-7D70E076AD81}.Release|iPhoneSimulator.Build.0 = Release|iPhoneSimulator
		{B867A327-A128-4CDA-BF72-7D70E076AD81}.Release|x64.ActiveCfg = Release|iPhone
		{B867A327-A128-4CDA-BF72-7D70E076AD81}.Release|x86.ActiveCfg = Release|iPhone
		{82B04D48-4B7D-45D6-8497-2CBDECE419D0}.Ad-Hoc|Any CPU.ActiveCfg = Release|x86
		{82B04D48-4B7D-45D6-8497-2CBDECE419D0}.Ad-Hoc|Any CPU.Build.0 = Release|x86
		{82B04D48-4B7D-45D6-8497-2CBDECE419D0}.Ad-Hoc|Any CPU.Deploy.0 = Release|x86
		{82B04D48-4B7D-45D6-8497-2CBDECE419D0}.Ad-Hoc|ARM.ActiveCfg = Release|ARM
		{82B04D48-4B7D-45D6-8497-2CBDECE419D0}.Ad-Hoc|ARM.Build.0 = Release|ARM
		{82B04D48-4B7D-45D6-8497-2CBDECE419D0}.Ad-Hoc|ARM.Deploy.0 = Release|ARM
		{82B04D48-4B7D-45D6-8497-2CBDECE419D0}.Ad-Hoc|iPhone.ActiveCfg = Release|x86
		{82B04D48-4B7D-45D6-8497-2CBDECE419D0}.Ad-Hoc|iPhone.Build.0 = Release|x86
		{82B04D48-4B7D-45D6-8497-2CBDECE419D0}.Ad-Hoc|iPhone.Deploy.0 = Release|x86
		{82B04D48-4B7D-45D6-8497-2CBDECE419D0}.Ad-Hoc|iPhoneSimulator.ActiveCfg = Release|x86
		{82B04D48-4B7D-45D6-8497-2CBDECE419D0}.Ad-Hoc|iPhoneSimulator.Build.0 = Release|x86
		{82B04D48-4B7D-45D6-8497-2CBDECE419D0}.Ad-Hoc|iPhoneSimulator.Deploy.0 = Release|x86
		{82B04D48-4B7D-45D6-8497-2CBDECE419D0}.Ad-Hoc|x64.ActiveCfg = Release|x64
		{82B04D48-4B7D-45D6-8497-2CBDECE419D0}.Ad-Hoc|x64.Build.0 = Release|x64
		{82B04D48-4B7D-45D6-8497-2CBDECE419D0}.Ad-Hoc|x64.Deploy.0 = Release|x64
		{82B04D48-4B7D-45D6-8497-2CBDECE419D0}.Ad-Hoc|x86.ActiveCfg = Release|x86
		{82B04D48-4B7D-45D6-8497-2CBDECE419D0}.Ad-Hoc|x86.Build.0 = Release|x86
		{82B04D48-4B7D-45D6-8497-2CBDECE419D0}.Ad-Hoc|x86.Deploy.0 = Release|x86
		{82B04D48-4B7D-45D6-8497-2CBDECE419D0}.AppStore|Any CPU.ActiveCfg = Release|x86
		{82B04D48-4B7D-45D6-8497-2CBDECE419D0}.AppStore|Any CPU.Build.0 = Release|x86
		{82B04D48-4B7D-45D6-8497-2CBDECE419D0}.AppStore|Any CPU.Deploy.0 = Release|x86
		{82B04D48-4B7D-45D6-8497-2CBDECE419D0}.AppStore|ARM.ActiveCfg = Release|ARM
		{82B04D48-4B7D-45D6-8497-2CBDECE419D0}.AppStore|ARM.Build.0 = Release|ARM
		{82B04D48-4B7D-45D6-8497-2CBDECE419D0}.AppStore|ARM.Deploy.0 = Release|ARM
		{82B04D48-4B7D-45D6-8497-2CBDECE419D0}.AppStore|iPhone.ActiveCfg = Release|x86
		{82B04D48-4B7D-45D6-8497-2CBDECE419D0}.AppStore|iPhone.Build.0 = Release|x86
		{82B04D48-4B7D-45D6-8497-2CBDECE419D0}.AppStore|iPhone.Deploy.0 = Release|x86
		{82B04D48-4B7D-45D6-8497-2CBDECE419D0}.AppStore|iPhoneSimulator.ActiveCfg = Release|x86
		{82B04D48-4B7D-45D6-8497-2CBDECE419D0}.AppStore|iPhoneSimulator.Build.0 = Release|x86
		{82B04D48-4B7D-45D6-8497-2CBDECE419D0}.AppStore|iPhoneSimulator.Deploy.0 = Release|x86
		{82B04D48-4B7D-45D6-8497-2CBDECE419D0}.AppStore|x64.ActiveCfg = Release|x64
		{82B04D48-4B7D-45D6-8497-2CBDECE419D0}.AppStore|x64.Build.0 = Release|x64
		{82B04D48-4B7D-45D6-8497-2CBDECE419D0}.AppStore|x64.Deploy.0 = Release|x64
		{82B04D48-4B7D-45D6-8497-2CBDECE419D0}.AppStore|x86.ActiveCfg = Release|x86
		{82B04D48-4B7D-45D6-8497-2CBDECE419D0}.AppStore|x86.Build.0 = Release|x86
		{82B04D48-4B7D-45D6-8497-2CBDECE419D0}.AppStore|x86.Deploy.0 = Release|x86
		{82B04D48-4B7D-45D6-8497-2CBDECE419D0}.Debug|Any CPU.ActiveCfg = Debug|x86
		{82B04D48-4B7D-45D6-8497-2CBDECE419D0}.Debug|ARM.ActiveCfg = Debug|ARM
		{82B04D48-4B7D-45D6-8497-2CBDECE419D0}.Debug|ARM.Build.0 = Debug|ARM
		{82B04D48-4B7D-45D6-8497-2CBDECE419D0}.Debug|ARM.Deploy.0 = Debug|ARM
		{82B04D48-4B7D-45D6-8497-2CBDECE419D0}.Debug|iPhone.ActiveCfg = Debug|x86
		{82B04D48-4B7D-45D6-8497-2CBDECE419D0}.Debug|iPhoneSimulator.ActiveCfg = Debug|x86
		{82B04D48-4B7D-45D6-8497-2CBDECE419D0}.Debug|x64.ActiveCfg = Debug|x64
		{82B04D48-4B7D-45D6-8497-2CBDECE419D0}.Debug|x64.Build.0 = Debug|x64
		{82B04D48-4B7D-45D6-8497-2CBDECE419D0}.Debug|x64.Deploy.0 = Debug|x64
		{82B04D48-4B7D-45D6-8497-2CBDECE419D0}.Debug|x86.ActiveCfg = Debug|x86
		{82B04D48-4B7D-45D6-8497-2CBDECE419D0}.Debug|x86.Build.0 = Debug|x86
		{82B04D48-4B7D-45D6-8497-2CBDECE419D0}.Debug|x86.Deploy.0 = Debug|x86
		{82B04D48-4B7D-45D6-8497-2CBDECE419D0}.Release|Any CPU.ActiveCfg = Release|x86
		{82B04D48-4B7D-45D6-8497-2CBDECE419D0}.Release|ARM.ActiveCfg = Release|ARM
		{82B04D48-4B7D-45D6-8497-2CBDECE419D0}.Release|ARM.Build.0 = Release|ARM
		{82B04D48-4B7D-45D6-8497-2CBDECE419D0}.Release|ARM.Deploy.0 = Release|ARM
		{82B04D48-4B7D-45D6-8497-2CBDECE419D0}.Release|iPhone.ActiveCfg = Release|x86
		{82B04D48-4B7D-45D6-8497-2CBDECE419D0}.Release|iPhoneSimulator.ActiveCfg = Release|x86
		{82B04D48-4B7D-45D6-8497-2CBDECE419D0}.Release|x64.ActiveCfg = Release|x64
		{82B04D48-4B7D-45D6-8497-2CBDECE419D0}.Release|x64.Build.0 = Release|x64
		{82B04D48-4B7D-45D6-8497-2CBDECE419D0}.Release|x64.Deploy.0 = Release|x64
		{82B04D48-4B7D-45D6-8497-2CBDECE419D0}.Release|x86.ActiveCfg = Release|x86
		{82B04D48-4B7D-45D6-8497-2CBDECE419D0}.Release|x86.Build.0 = Release|x86
		{82B04D48-4B7D-45D6-8497-2CBDECE419D0}.Release|x86.Deploy.0 = Release|x86
		{CE188E0B-6E2A-492A-BFA8-E9136C5F5914}.Ad-Hoc|Any CPU.ActiveCfg = Debug|Any CPU
		{CE188E0B-6E2A-492A-BFA8-E9136C5F5914}.Ad-Hoc|Any CPU.Build.0 = Debug|Any CPU
		{CE188E0B-6E2A-492A-BFA8-E9136C5F5914}.Ad-Hoc|ARM.ActiveCfg = Debug|Any CPU
		{CE188E0B-6E2A-492A-BFA8-E9136C5F5914}.Ad-Hoc|ARM.Build.0 = Debug|Any CPU
		{CE188E0B-6E2A-492A-BFA8-E9136C5F5914}.Ad-Hoc|iPhone.ActiveCfg = Debug|Any CPU
		{CE188E0B-6E2A-492A-BFA8-E9136C5F5914}.Ad-Hoc|iPhone.Build.0 = Debug|Any CPU
		{CE188E0B-6E2A-492A-BFA8-E9136C5F5914}.Ad-Hoc|iPhoneSimulator.ActiveCfg = Debug|Any CPU
		{CE188E0B-6E2A-492A-BFA8-E9136C5F5914}.Ad-Hoc|iPhoneSimulator.Build.0 = Debug|Any CPU
		{CE188E0B-6E2A-492A-BFA8-E9136C5F5914}.Ad-Hoc|x64.ActiveCfg = Debug|Any CPU
		{CE188E0B-6E2A-492A-BFA8-E9136C5F5914}.Ad-Hoc|x64.Build.0 = Debug|Any CPU
		{CE188E0B-6E2A-492A-BFA8-E9136C5F5914}.Ad-Hoc|x86.ActiveCfg = Debug|Any CPU
		{CE188E0B-6E2A-492A-BFA8-E9136C5F5914}.Ad-Hoc|x86.Build.0 = Debug|Any CPU
		{CE188E0B-6E2A-492A-BFA8-E9136C5F5914}.AppStore|Any CPU.ActiveCfg = Debug|Any CPU
		{CE188E0B-6E2A-492A-BFA8-E9136C5F5914}.AppStore|Any CPU.Build.0 = Debug|Any CPU
		{CE188E0B-6E2A-492A-BFA8-E9136C5F5914}.AppStore|ARM.ActiveCfg = Debug|Any CPU
		{CE188E0B-6E2A-492A-BFA8-E9136C5F5914}.AppStore|ARM.Build.0 = Debug|Any CPU
		{CE188E0B-6E2A-492A-BFA8-E9136C5F5914}.AppStore|iPhone.ActiveCfg = Debug|Any CPU
		{CE188E0B-6E2A-492A-BFA8-E9136C5F5914}.AppStore|iPhone.Build.0 = Debug|Any CPU
		{CE188E0B-6E2A-492A-BFA8-E9136C5F5914}.AppStore|iPhoneSimulator.ActiveCfg = Debug|Any CPU
		{CE188E0B-6E2A-492A-BFA8-E9136C5F5914}.AppStore|iPhoneSimulator.Build.0 = Debug|Any CPU
		{CE188E0B-6E2A-492A-BFA8-E9136C5F5914}.AppStore|x64.ActiveCfg = Debug|Any CPU
		{CE188E0B-6E2A-492A-BFA8-E9136C5F5914}.AppStore|x64.Build.0 = Debug|Any CPU
		{CE188E0B-6E2A-492A-BFA8-E9136C5F5914}.AppStore|x86.ActiveCfg = Debug|Any CPU
		{CE188E0B-6E2A-492A-BFA8-E9136C5F5914}.AppStore|x86.Build.0 = Debug|Any CPU
		{CE188E0B-6E2A-492A-BFA8-E9136C5F5914}.Debug|Any CPU.ActiveCfg = Debug|Any CPU
		{CE188E0B-6E2A-492A-BFA8-E9136C5F5914}.Debug|Any CPU.Build.0 = Debug|Any CPU
		{CE188E0B-6E2A-492A-BFA8-E9136C5F5914}.Debug|ARM.ActiveCfg = Debug|Any CPU
		{CE188E0B-6E2A-492A-BFA8-E9136C5F5914}.Debug|ARM.Build.0 = Debug|Any CPU
		{CE188E0B-6E2A-492A-BFA8-E9136C5F5914}.Debug|iPhone.ActiveCfg = Debug|Any CPU
		{CE188E0B-6E2A-492A-BFA8-E9136C5F5914}.Debug|iPhone.Build.0 = Debug|Any CPU
		{CE188E0B-6E2A-492A-BFA8-E9136C5F5914}.Debug|iPhoneSimulator.ActiveCfg = Debug|Any CPU
		{CE188E0B-6E2A-492A-BFA8-E9136C5F5914}.Debug|iPhoneSimulator.Build.0 = Debug|Any CPU
		{CE188E0B-6E2A-492A-BFA8-E9136C5F5914}.Debug|x64.ActiveCfg = Debug|Any CPU
		{CE188E0B-6E2A-492A-BFA8-E9136C5F5914}.Debug|x64.Build.0 = Debug|Any CPU
		{CE188E0B-6E2A-492A-BFA8-E9136C5F5914}.Debug|x86.ActiveCfg = Debug|Any CPU
		{CE188E0B-6E2A-492A-BFA8-E9136C5F5914}.Debug|x86.Build.0 = Debug|Any CPU
		{CE188E0B-6E2A-492A-BFA8-E9136C5F5914}.Release|Any CPU.ActiveCfg = Release|Any CPU
		{CE188E0B-6E2A-492A-BFA8-E9136C5F5914}.Release|Any CPU.Build.0 = Release|Any CPU
		{CE188E0B-6E2A-492A-BFA8-E9136C5F5914}.Release|ARM.ActiveCfg = Release|Any CPU
		{CE188E0B-6E2A-492A-BFA8-E9136C5F5914}.Release|ARM.Build.0 = Release|Any CPU
		{CE188E0B-6E2A-492A-BFA8-E9136C5F5914}.Release|iPhone.ActiveCfg = Release|Any CPU
		{CE188E0B-6E2A-492A-BFA8-E9136C5F5914}.Release|iPhone.Build.0 = Release|Any CPU
		{CE188E0B-6E2A-492A-BFA8-E9136C5F5914}.Release|iPhoneSimulator.ActiveCfg = Release|Any CPU
		{CE188E0B-6E2A-492A-BFA8-E9136C5F5914}.Release|iPhoneSimulator.Build.0 = Release|Any CPU
		{CE188E0B-6E2A-492A-BFA8-E9136C5F5914}.Release|x64.ActiveCfg = Release|Any CPU
		{CE188E0B-6E2A-492A-BFA8-E9136C5F5914}.Release|x64.Build.0 = Release|Any CPU
		{CE188E0B-6E2A-492A-BFA8-E9136C5F5914}.Release|x86.ActiveCfg = Release|Any CPU
		{CE188E0B-6E2A-492A-BFA8-E9136C5F5914}.Release|x86.Build.0 = Release|Any CPU
	EndGlobalSection
	GlobalSection(SolutionProperties) = preSolution
		HideSolutionNode = FALSE
	EndGlobalSection
	GlobalSection(ExtensibilityGlobals) = postSolution
		SolutionGuid = {12F43D9F-1CFE-4F07-B308-A8B1679D467E}
	EndGlobalSection
EndGlobal
